// !$*UTF8*$!
{
	archiveVersion = 1;
	classes = {
	};
	objectVersion = 46;
	objects = {

/* Begin PBXBuildFile section */
		E5C6BD6C1CADA64C0061AB8F /* main.m in Sources */ = {isa = PBXBuildFile; fileRef = E5C6BD6B1CADA64C0061AB8F /* main.m */; };
		E5C6BD6F1CADA64C0061AB8F /* AppDelegate.m in Sources */ = {isa = PBXBuildFile; fileRef = E5C6BD6E1CADA64C0061AB8F /* AppDelegate.m */; };
		E5C6BD721CADA64C0061AB8F /* ViewController.m in Sources */ = {isa = PBXBuildFile; fileRef = E5C6BD711CADA64C0061AB8F /* ViewController.m */; };
		E5C6BD751CADA64C0061AB8F /* Main.storyboard in Resources */ = {isa = PBXBuildFile; fileRef = E5C6BD731CADA64C0061AB8F /* Main.storyboard */; };
		E5C6BD771CADA64C0061AB8F /* Assets.xcassets in Resources */ = {isa = PBXBuildFile; fileRef = E5C6BD761CADA64C0061AB8F /* Assets.xcassets */; };
		E5C6BD7A1CADA64C0061AB8F /* LaunchScreen.storyboard in Resources */ = {isa = PBXBuildFile; fileRef = E5C6BD781CADA64C0061AB8F /* LaunchScreen.storyboard */; };
/* End PBXBuildFile section */

/* Begin PBXFileReference section */
		E5C6BD671CADA64C0061AB8F /* Receipts.app */ = {isa = PBXFileReference; explicitFileType = wrapper.application; includeInIndex = 0; path = Receipts.app; sourceTree = BUILT_PRODUCTS_DIR; };
		E5C6BD6B1CADA64C0061AB8F /* main.m */ = {isa = PBXFileReference; lastKnownFileType = sourcecode.c.objc; path = main.m; sourceTree = "<group>"; };
		E5C6BD6D1CADA64C0061AB8F /* AppDelegate.h */ = {isa = PBXFileReference; lastKnownFileType = sourcecode.c.h; path = AppDelegate.h; sourceTree = "<group>"; };
		E5C6BD6E1CADA64C0061AB8F /* AppDelegate.m */ = {isa = PBXFileReference; lastKnownFileType = sourcecode.c.objc; path = AppDelegate.m; sourceTree = "<group>"; };
		E5C6BD701CADA64C0061AB8F /* ViewController.h */ = {isa = PBXFileReference; lastKnownFileType = sourcecode.c.h; path = ViewController.h; sourceTree = "<group>"; };
		E5C6BD711CADA64C0061AB8F /* ViewController.m */ = {isa = PBXFileReference; lastKnownFileType = sourcecode.c.objc; path = ViewController.m; sourceTree = "<group>"; };
		E5C6BD741CADA64C0061AB8F /* Base */ = {isa = PBXFileReference; lastKnownFileType = file.storyboard; name = Base; path = Base.lproj/Main.storyboard; sourceTree = "<group>"; };
		E5C6BD761CADA64C0061AB8F /* Assets.xcassets */ = {isa = PBXFileReference; lastKnownFileType = folder.assetcatalog; path = Assets.xcassets; sourceTree = "<group>"; };
		E5C6BD791CADA64C0061AB8F /* Base */ = {isa = PBXFileReference; lastKnownFileType = file.storyboard; name = Base; path = Base.lproj/LaunchScreen.storyboard; sourceTree = "<group>"; };
		E5C6BD7B1CADA64D0061AB8F /* Info.plist */ = {isa = PBXFileReference; lastKnownFileType = text.plist.xml; path = Info.plist; sourceTree = "<group>"; };
/* End PBXFileReference section */

/* Begin PBXFrameworksBuildPhase section */
		E5C6BD641CADA64C0061AB8F /* Frameworks */ = {
			isa = PBXFrameworksBuildPhase;
			buildActionMask = 2147483647;
			files = (
			);
			runOnlyForDeploymentPostprocessing = 0;
		};
/* End PBXFrameworksBuildPhase section */

/* Begin PBXGroup section */
		E5C6BD5E1CADA64C0061AB8F = {
			isa = PBXGroup;
			children = (
				E5C6BD691CADA64C0061AB8F /* Receipts */,
				E5C6BD681CADA64C0061AB8F /* Products */,
			);
			sourceTree = "<group>";
		};
		E5C6BD681CADA64C0061AB8F /* Products */ = {
			isa = PBXGroup;
			children = (
				E5C6BD671CADA64C0061AB8F /* Receipts.app */,
			);
			name = Products;
			sourceTree = "<group>";
		};
		E5C6BD691CADA64C0061AB8F /* Receipts */ = {
			isa = PBXGroup;
			children = (
				E5C6BD6D1CADA64C0061AB8F /* AppDelegate.h */,
				E5C6BD6E1CADA64C0061AB8F /* AppDelegate.m */,
				E5C6BD701CADA64C0061AB8F /* ViewController.h */,
				E5C6BD711CADA64C0061AB8F /* ViewController.m */,
				E5C6BD731CADA64C0061AB8F /* Main.storyboard */,
				E5C6BD761CADA64C0061AB8F /* Assets.xcassets */,
				E5C6BD781CADA64C0061AB8F /* LaunchScreen.storyboard */,
				E5C6BD7B1CADA64D0061AB8F /* Info.plist */,
				E5C6BD6A1CADA64C0061AB8F /* Supporting Files */,
			);
			path = Receipts;
			sourceTree = "<group>";
		};
		E5C6BD6A1CADA64C0061AB8F /* Supporting Files */ = {
			isa = PBXGroup;
			children = (
				E5C6BD6B1CADA64C0061AB8F /* main.m */,
			);
			name = "Supporting Files";
			sourceTree = "<group>";
		};
/* End PBXGroup section */

/* Begin PBXNativeTarget section */
		E5C6BD661CADA64C0061AB8F /* Receipts */ = {
			isa = PBXNativeTarget;
			buildConfigurationList = E5C6BD7E1CADA64D0061AB8F /* Build configuration list for PBXNativeTarget "Receipts" */;
			buildPhases = (
				E5C6BD631CADA64C0061AB8F /* Sources */,
				E5C6BD641CADA64C0061AB8F /* Frameworks */,
				E5C6BD651CADA64C0061AB8F /* Resources */,
			);
			buildRules = (
			);
			dependencies = (
			);
			name = Receipts;
			productName = Receipts;
			productReference = E5C6BD671CADA64C0061AB8F /* Receipts.app */;
			productType = "com.apple.product-type.application";
		};
/* End PBXNativeTarget section */

/* Begin PBXProject section */
		E5C6BD5F1CADA64C0061AB8F /* Project object */ = {
			isa = PBXProject;
			attributes = {
				LastUpgradeCheck = 0730;
				ORGANIZATIONNAME = "Sergio Mollica";
				TargetAttributes = {
					E5C6BD661CADA64C0061AB8F = {
						CreatedOnToolsVersion = 7.3;
						DevelopmentTeam = KZR2N8785B;
					};
				};
			};
			buildConfigurationList = E5C6BD621CADA64C0061AB8F /* Build configuration list for PBXProject "Receipts" */;
			compatibilityVersion = "Xcode 3.2";
			developmentRegion = English;
			hasScannedForEncodings = 0;
			knownRegions = (
				en,
				Base,
			);
			mainGroup = E5C6BD5E1CADA64C0061AB8F;
			productRefGroup = E5C6BD681CADA64C0061AB8F /* Products */;
			projectDirPath = "";
			projectRoot = "";
			targets = (
				E5C6BD661CADA64C0061AB8F /* Receipts */,
			);
		};
/* End PBXProject section */

/* Begin PBXResourcesBuildPhase section */
		E5C6BD651CADA64C0061AB8F /* Resources */ = {
			isa = PBXResourcesBuildPhase;
			buildActionMask = 2147483647;
			files = (
				E5C6BD7A1CADA64C0061AB8F /* LaunchScreen.storyboard in Resources */,
				E5C6BD771CADA64C0061AB8F /* Assets.xcassets in Resources */,
				E5C6BD751CADA64C0061AB8F /* Main.storyboard in Resources */,
			);
			runOnlyForDeploymentPostprocessing = 0;
		};
/* End PBXResourcesBuildPhase section */

/* Begin PBXSourcesBuildPhase section */
		E5C6BD631CADA64C0061AB8F /* Sources */ = {
			isa = PBXSourcesBuildPhase;
			buildActionMask = 2147483647;
			files = (
				E5C6BD721CADA64C0061AB8F /* ViewController.m in Sources */,
				E5C6BD6F1CADA64C0061AB8F /* AppDelegate.m in Sources */,
				E5C6BD6C1CADA64C0061AB8F /* main.m in Sources */,
			);
			runOnlyForDeploymentPostprocessing = 0;
		};
/* End PBXSourcesBuildPhase section */

/* Begin PBXVariantGroup section */
		E5C6BD731CADA64C0061AB8F /* Main.storyboard */ = {
			isa = PBXVariantGroup;
			children = (
				E5C6BD741CADA64C0061AB8F /* Base */,
			);
			name = Main.storyboard;
			sourceTree = "<group>";
		};
		E5C6BD781CADA64C0061AB8F /* LaunchScreen.storyboard */ = {
			isa = PBXVariantGroup;
			children = (
				E5C6BD791CADA64C0061AB8F /* Base */,
			);
			name = LaunchScreen.storyboard;
			sourceTree = "<group>";
		};
/* End PBXVariantGroup section */

/* Begin XCBuildConfiguration section */
		E5C6BD7C1CADA64D0061AB8F /* Debug */ = {
			isa = XCBuildConfiguration;
			buildSettings = {
				ALWAYS_SEARCH_USER_PATHS = NO;
				CLANG_ANALYZER_NONNULL = YES;
				CLANG_CXX_LANGUAGE_STANDARD = "gnu++0x";
				CLANG_CXX_LIBRARY = "libc++";
				CLANG_ENABLE_MODULES = YES;
				CLANG_ENABLE_OBJC_ARC = YES;
				CLANG_WARN_BOOL_CONVERSION = YES;
				CLANG_WARN_CONSTANT_CONVERSION = YES;
				CLANG_WARN_DIRECT_OBJC_ISA_USAGE = YES_ERROR;
				CLANG_WARN_EMPTY_BODY = YES;
				CLANG_WARN_ENUM_CONVERSION = YES;
				CLANG_WARN_INT_CONVERSION = YES;
				CLANG_WARN_OBJC_ROOT_CLASS = YES_ERROR;
				CLANG_WARN_UNREACHABLE_CODE = YES;
				CLANG_WARN__DUPLICATE_METHOD_MATCH = YES;
				"CODE_SIGN_IDENTITY[sdk=iphoneos*]" = "iPhone Developer";
				COPY_PHASE_STRIP = NO;
				DEBUG_INFORMATION_FORMAT = dwarf;
				ENABLE_STRICT_OBJC_MSGSEND = YES;
				ENABLE_TESTABILITY = YES;
				GCC_C_LANGUAGE_STANDARD = gnu99;
				GCC_DYNAMIC_NO_PIC = NO;
				GCC_NO_COMMON_BLOCKS = YES;
				GCC_OPTIMIZATION_LEVEL = 0;
				GCC_PREPROCESSOR_DEFINITIONS = (
					"DEBUG=1",
					"$(inherited)",
				);
				GCC_WARN_64_TO_32_BIT_CONVERSION = YES;
				GCC_WARN_ABOUT_RETURN_TYPE = YES_ERROR;
				GCC_WARN_UNDECLARED_SELECTOR = YES;
				GCC_WARN_UNINITIALIZED_AUTOS = YES_AGGRESSIVE;
				GCC_WARN_UNUSED_FUNCTION = YES;
				GCC_WARN_UNUSED_VARIABLE = YES;
				IPHONEOS_DEPLOYMENT_TARGET = 9.3;
				MTL_ENABLE_DEBUG_INFO = YES;
				ONLY_ACTIVE_ARCH = YES;
				SDKROOT = iphoneos;
			};
			name = Debug;
		};
		E5C6BD7D1CADA64D0061AB8F /* Release */ = {
			isa = XCBuildConfiguration;
			buildSettings = {
				ALWAYS_SEARCH_USER_PATHS = NO;
				CLANG_ANALYZER_NONNULL = YES;
				CLANG_CXX_LANGUAGE_STANDARD = "gnu++0x";
				CLANG_CXX_LIBRARY = "libc++";
				CLANG_ENABLE_MODULES = YES;
				CLANG_ENABLE_OBJC_ARC = YES;
				CLANG_WARN_BOOL_CONVERSION = YES;
				CLANG_WARN_CONSTANT_CONVERSION = YES;
				CLANG_WARN_DIRECT_OBJC_ISA_USAGE = YES_ERROR;
				CLANG_WARN_EMPTY_BODY = YES;
				CLANG_WARN_ENUM_CONVERSION = YES;
				CLANG_WARN_INT_CONVERSION = YES;
				CLANG_WARN_OBJC_ROOT_CLASS = YES_ERROR;
				CLANG_WARN_UNREACHABLE_CODE = YES;
				CLANG_WARN__DUPLICATE_METHOD_MATCH = YES;
				"CODE_SIGN_IDENTITY[sdk=iphoneos*]" = "iPhone Developer";
				COPY_PHASE_STRIP = NO;
				DEBUG_INFORMATION_FORMAT = "dwarf-with-dsym";
				ENABLE_NS_ASSERTIONS = NO;
				ENABLE_STRICT_OBJC_MSGSEND = YES;
				GCC_C_LANGUAGE_STANDARD = gnu99;
				GCC_NO_COMMON_BLOCKS = YES;
				GCC_WARN_64_TO_32_BIT_CONVERSION = YES;
				GCC_WARN_ABOUT_RETURN_TYPE = YES_ERROR;
				GCC_WARN_UNDECLARED_SELECTOR = YES;
				GCC_WARN_UNINITIALIZED_AUTOS = YES_AGGRESSIVE;
				GCC_WARN_UNUSED_FUNCTION = YES;
				GCC_WARN_UNUSED_VARIABLE = YES;
				IPHONEOS_DEPLOYMENT_TARGET = 9.3;
				MTL_ENABLE_DEBUG_INFO = NO;
				SDKROOT = iphoneos;
				VALIDATE_PRODUCT = YES;
			};
			name = Release;
		};
		E5C6BD7F1CADA64D0061AB8F /* Debug */ = {
			isa = XCBuildConfiguration;
			buildSettings = {
				ASSETCATALOG_COMPILER_APPICON_NAME = AppIcon;
				INFOPLIST_FILE = Receipts/Info.plist;
				LD_RUNPATH_SEARCH_PATHS = "$(inherited) @executable_path/Frameworks";
				PRODUCT_BUNDLE_IDENTIFIER = smollica.Receipts;
				PRODUCT_NAME = "$(TARGET_NAME)";
			};
			name = Debug;
		};
		E5C6BD801CADA64D0061AB8F /* Release */ = {
			isa = XCBuildConfiguration;
			buildSettings = {
				ASSETCATALOG_COMPILER_APPICON_NAME = AppIcon;
				INFOPLIST_FILE = Receipts/Info.plist;
				LD_RUNPATH_SEARCH_PATHS = "$(inherited) @executable_path/Frameworks";
				PRODUCT_BUNDLE_IDENTIFIER = smollica.Receipts;
				PRODUCT_NAME = "$(TARGET_NAME)";
			};
			name = Release;
		};
/* End XCBuildConfiguration section */

/* Begin XCConfigurationList section */
		E5C6BD621CADA64C0061AB8F /* Build configuration list for PBXProject "Receipts" */ = {
			isa = XCConfigurationList;
			buildConfigurations = (
				E5C6BD7C1CADA64D0061AB8F /* Debug */,
				E5C6BD7D1CADA64D0061AB8F /* Release */,
			);
			defaultConfigurationIsVisible = 0;
			defaultConfigurationName = Release;
		};
		E5C6BD7E1CADA64D0061AB8F /* Build configuration list for PBXNativeTarget "Receipts" */ = {
			isa = XCConfigurationList;
			buildConfigurations = (
				E5C6BD7F1CADA64D0061AB8F /* Debug */,
				E5C6BD801CADA64D0061AB8F /* Release */,
			);
			defaultConfigurationIsVisible = 0;
		};
/* End XCConfigurationList section */
	};
	rootObject = E5C6BD5F1CADA64C0061AB8F /* Project object */;
}
